// !$*UTF8*$!
{
	archiveVersion = 1;
	classes = {
	};
	objectVersion = 56;
	objects = {

/* Begin PBXBuildFile section */
		4057D4642914300400593851 /* AppDelegate.swift in Sources */ = {isa = PBXBuildFile; fileRef = 4057D4632914300400593851 /* AppDelegate.swift */; };
		4057D4662914300400593851 /* SceneDelegate.swift in Sources */ = {isa = PBXBuildFile; fileRef = 4057D4652914300400593851 /* SceneDelegate.swift */; };
		4057D46D2914300700593851 /* Assets.xcassets in Resources */ = {isa = PBXBuildFile; fileRef = 4057D46C2914300700593851 /* Assets.xcassets */; };
		4057D4702914300700593851 /* LaunchScreen.storyboard in Resources */ = {isa = PBXBuildFile; fileRef = 4057D46E2914300700593851 /* LaunchScreen.storyboard */; };
		4057D47B2914300700593851 /* Pecode_TestTests.swift in Sources */ = {isa = PBXBuildFile; fileRef = 4057D47A2914300700593851 /* Pecode_TestTests.swift */; };
		4057D4852914300700593851 /* Pecode_TestUITests.swift in Sources */ = {isa = PBXBuildFile; fileRef = 4057D4842914300700593851 /* Pecode_TestUITests.swift */; };
		4057D4872914300700593851 /* Pecode_TestUITestsLaunchTests.swift in Sources */ = {isa = PBXBuildFile; fileRef = 4057D4862914300700593851 /* Pecode_TestUITestsLaunchTests.swift */; };
		4057D498291430D900593851 /* MainScreenViewController.swift in Sources */ = {isa = PBXBuildFile; fileRef = 4057D496291430D900593851 /* MainScreenViewController.swift */; };
		4057D499291430D900593851 /* MainScreenViewController.xib in Resources */ = {isa = PBXBuildFile; fileRef = 4057D497291430D900593851 /* MainScreenViewController.xib */; };
		4057D49B2914322500593851 /* NetworkManager.swift in Sources */ = {isa = PBXBuildFile; fileRef = 4057D49A2914322500593851 /* NetworkManager.swift */; };
		4057D49D291439E900593851 /* MainScreenViewModel.swift in Sources */ = {isa = PBXBuildFile; fileRef = 4057D49C291439E900593851 /* MainScreenViewModel.swift */; };
		4057D4A2291555CE00593851 /* UserConstants.swift in Sources */ = {isa = PBXBuildFile; fileRef = 4057D4A1291555CE00593851 /* UserConstants.swift */; };
		4057D4A4291557F900593851 /* ArticlesAPIEndpoint.swift in Sources */ = {isa = PBXBuildFile; fileRef = 4057D4A3291557F900593851 /* ArticlesAPIEndpoint.swift */; };
/* End PBXBuildFile section */

/* Begin PBXContainerItemProxy section */
		4057D4772914300700593851 /* PBXContainerItemProxy */ = {
			isa = PBXContainerItemProxy;
			containerPortal = 4057D4582914300400593851 /* Project object */;
			proxyType = 1;
			remoteGlobalIDString = 4057D45F2914300400593851;
			remoteInfo = "Pecode Test";
		};
		4057D4812914300700593851 /* PBXContainerItemProxy */ = {
			isa = PBXContainerItemProxy;
			containerPortal = 4057D4582914300400593851 /* Project object */;
			proxyType = 1;
			remoteGlobalIDString = 4057D45F2914300400593851;
			remoteInfo = "Pecode Test";
		};
/* End PBXContainerItemProxy section */

/* Begin PBXFileReference section */
		4057D4602914300400593851 /* Pecode Test.app */ = {isa = PBXFileReference; explicitFileType = wrapper.application; includeInIndex = 0; path = "Pecode Test.app"; sourceTree = BUILT_PRODUCTS_DIR; };
		4057D4632914300400593851 /* AppDelegate.swift */ = {isa = PBXFileReference; lastKnownFileType = sourcecode.swift; path = AppDelegate.swift; sourceTree = "<group>"; };
		4057D4652914300400593851 /* SceneDelegate.swift */ = {isa = PBXFileReference; lastKnownFileType = sourcecode.swift; path = SceneDelegate.swift; sourceTree = "<group>"; };
		4057D46C2914300700593851 /* Assets.xcassets */ = {isa = PBXFileReference; lastKnownFileType = folder.assetcatalog; path = Assets.xcassets; sourceTree = "<group>"; };
		4057D46F2914300700593851 /* Base */ = {isa = PBXFileReference; lastKnownFileType = file.storyboard; name = Base; path = Base.lproj/LaunchScreen.storyboard; sourceTree = "<group>"; };
		4057D4712914300700593851 /* Info.plist */ = {isa = PBXFileReference; lastKnownFileType = text.plist.xml; path = Info.plist; sourceTree = "<group>"; };
		4057D4762914300700593851 /* Pecode TestTests.xctest */ = {isa = PBXFileReference; explicitFileType = wrapper.cfbundle; includeInIndex = 0; path = "Pecode TestTests.xctest"; sourceTree = BUILT_PRODUCTS_DIR; };
		4057D47A2914300700593851 /* Pecode_TestTests.swift */ = {isa = PBXFileReference; lastKnownFileType = sourcecode.swift; path = Pecode_TestTests.swift; sourceTree = "<group>"; };
		4057D4802914300700593851 /* Pecode TestUITests.xctest */ = {isa = PBXFileReference; explicitFileType = wrapper.cfbundle; includeInIndex = 0; path = "Pecode TestUITests.xctest"; sourceTree = BUILT_PRODUCTS_DIR; };
		4057D4842914300700593851 /* Pecode_TestUITests.swift */ = {isa = PBXFileReference; lastKnownFileType = sourcecode.swift; path = Pecode_TestUITests.swift; sourceTree = "<group>"; };
		4057D4862914300700593851 /* Pecode_TestUITestsLaunchTests.swift */ = {isa = PBXFileReference; lastKnownFileType = sourcecode.swift; path = Pecode_TestUITestsLaunchTests.swift; sourceTree = "<group>"; };
		4057D496291430D900593851 /* MainScreenViewController.swift */ = {isa = PBXFileReference; lastKnownFileType = sourcecode.swift; path = MainScreenViewController.swift; sourceTree = "<group>"; };
		4057D497291430D900593851 /* MainScreenViewController.xib */ = {isa = PBXFileReference; lastKnownFileType = file.xib; path = MainScreenViewController.xib; sourceTree = "<group>"; };
		4057D49A2914322500593851 /* NetworkManager.swift */ = {isa = PBXFileReference; lastKnownFileType = sourcecode.swift; path = NetworkManager.swift; sourceTree = "<group>"; };
		4057D49C291439E900593851 /* MainScreenViewModel.swift */ = {isa = PBXFileReference; lastKnownFileType = sourcecode.swift; path = MainScreenViewModel.swift; sourceTree = "<group>"; };
		4057D4A1291555CE00593851 /* UserConstants.swift */ = {isa = PBXFileReference; lastKnownFileType = sourcecode.swift; path = UserConstants.swift; sourceTree = "<group>"; };
		4057D4A3291557F900593851 /* ArticlesAPIEndpoint.swift */ = {isa = PBXFileReference; lastKnownFileType = sourcecode.swift; path = ArticlesAPIEndpoint.swift; sourceTree = "<group>"; };
/* End PBXFileReference section */

/* Begin PBXFrameworksBuildPhase section */
		4057D45D2914300400593851 /* Frameworks */ = {
			isa = PBXFrameworksBuildPhase;
			buildActionMask = 2147483647;
			files = (
			);
			runOnlyForDeploymentPostprocessing = 0;
		};
		4057D4732914300700593851 /* Frameworks */ = {
			isa = PBXFrameworksBuildPhase;
			buildActionMask = 2147483647;
			files = (
			);
			runOnlyForDeploymentPostprocessing = 0;
		};
		4057D47D2914300700593851 /* Frameworks */ = {
			isa = PBXFrameworksBuildPhase;
			buildActionMask = 2147483647;
			files = (
			);
			runOnlyForDeploymentPostprocessing = 0;
		};
/* End PBXFrameworksBuildPhase section */

/* Begin PBXGroup section */
		4057D4572914300400593851 = {
			isa = PBXGroup;
			children = (
				4057D4622914300400593851 /* Pecode Test */,
				4057D4792914300700593851 /* Pecode TestTests */,
				4057D4832914300700593851 /* Pecode TestUITests */,
				4057D4612914300400593851 /* Products */,
			);
			sourceTree = "<group>";
		};
		4057D4612914300400593851 /* Products */ = {
			isa = PBXGroup;
			children = (
				4057D4602914300400593851 /* Pecode Test.app */,
				4057D4762914300700593851 /* Pecode TestTests.xctest */,
				4057D4802914300700593851 /* Pecode TestUITests.xctest */,
			);
			name = Products;
			sourceTree = "<group>";
		};
		4057D4622914300400593851 /* Pecode Test */ = {
			isa = PBXGroup;
			children = (
				4057D4632914300400593851 /* AppDelegate.swift */,
				4057D4652914300400593851 /* SceneDelegate.swift */,
				4057D494291430A400593851 /* Network */,
				4057D4932914309000593851 /* Screens */,
				4057D4A02915559D00593851 /* Resources */,
				4057D4712914300700593851 /* Info.plist */,
			);
			path = "Pecode Test";
			sourceTree = "<group>";
		};
		4057D4792914300700593851 /* Pecode TestTests */ = {
			isa = PBXGroup;
			children = (
				4057D47A2914300700593851 /* Pecode_TestTests.swift */,
			);
			path = "Pecode TestTests";
			sourceTree = "<group>";
		};
		4057D4832914300700593851 /* Pecode TestUITests */ = {
			isa = PBXGroup;
			children = (
				4057D4842914300700593851 /* Pecode_TestUITests.swift */,
				4057D4862914300700593851 /* Pecode_TestUITestsLaunchTests.swift */,
			);
			path = "Pecode TestUITests";
			sourceTree = "<group>";
		};
		4057D4932914309000593851 /* Screens */ = {
			isa = PBXGroup;
			children = (
				4057D495291430AE00593851 /* MainScreen */,
				4057D49F2915554600593851 /* DetailsScreen */,
				4057D49E2915552200593851 /* SavedArticlesScreen */,
			);
			path = Screens;
			sourceTree = "<group>";
		};
		4057D494291430A400593851 /* Network */ = {
			isa = PBXGroup;
			children = (
				4057D49A2914322500593851 /* NetworkManager.swift */,
				4057D4A3291557F900593851 /* ArticlesAPIEndpoint.swift */,
			);
			path = Network;
			sourceTree = "<group>";
		};
		4057D495291430AE00593851 /* MainScreen */ = {
			isa = PBXGroup;
			children = (
				4057D496291430D900593851 /* MainScreenViewController.swift */,
				4057D497291430D900593851 /* MainScreenViewController.xib */,
				4057D49C291439E900593851 /* MainScreenViewModel.swift */,
			);
			path = MainScreen;
			sourceTree = "<group>";
		};
		4057D49E2915552200593851 /* SavedArticlesScreen */ = {
			isa = PBXGroup;
			children = (
			);
			path = SavedArticlesScreen;
			sourceTree = "<group>";
		};
		4057D49F2915554600593851 /* DetailsScreen */ = {
			isa = PBXGroup;
			children = (
			);
			path = DetailsScreen;
			sourceTree = "<group>";
		};
		4057D4A02915559D00593851 /* Resources */ = {
			isa = PBXGroup;
			children = (
				4057D46E2914300700593851 /* LaunchScreen.storyboard */,
				4057D46C2914300700593851 /* Assets.xcassets */,
				4057D4A1291555CE00593851 /* UserConstants.swift */,
			);
			path = Resources;
			sourceTree = "<group>";
		};
/* End PBXGroup section */

/* Begin PBXNativeTarget section */
		4057D45F2914300400593851 /* Pecode Test */ = {
			isa = PBXNativeTarget;
			buildConfigurationList = 4057D48A2914300700593851 /* Build configuration list for PBXNativeTarget "Pecode Test" */;
			buildPhases = (
				4057D45C2914300400593851 /* Sources */,
				4057D45D2914300400593851 /* Frameworks */,
				4057D45E2914300400593851 /* Resources */,
			);
			buildRules = (
			);
			dependencies = (
			);
			name = "Pecode Test";
			productName = "Pecode Test";
			productReference = 4057D4602914300400593851 /* Pecode Test.app */;
			productType = "com.apple.product-type.application";
		};
		4057D4752914300700593851 /* Pecode TestTests */ = {
			isa = PBXNativeTarget;
			buildConfigurationList = 4057D48D2914300700593851 /* Build configuration list for PBXNativeTarget "Pecode TestTests" */;
			buildPhases = (
				4057D4722914300700593851 /* Sources */,
				4057D4732914300700593851 /* Frameworks */,
				4057D4742914300700593851 /* Resources */,
			);
			buildRules = (
			);
			dependencies = (
				4057D4782914300700593851 /* PBXTargetDependency */,
			);
			name = "Pecode TestTests";
			productName = "Pecode TestTests";
			productReference = 4057D4762914300700593851 /* Pecode TestTests.xctest */;
			productType = "com.apple.product-type.bundle.unit-test";
		};
		4057D47F2914300700593851 /* Pecode TestUITests */ = {
			isa = PBXNativeTarget;
			buildConfigurationList = 4057D4902914300700593851 /* Build configuration list for PBXNativeTarget "Pecode TestUITests" */;
			buildPhases = (
				4057D47C2914300700593851 /* Sources */,
				4057D47D2914300700593851 /* Frameworks */,
				4057D47E2914300700593851 /* Resources */,
			);
			buildRules = (
			);
			dependencies = (
				4057D4822914300700593851 /* PBXTargetDependency */,
			);
			name = "Pecode TestUITests";
			productName = "Pecode TestUITests";
			productReference = 4057D4802914300700593851 /* Pecode TestUITests.xctest */;
			productType = "com.apple.product-type.bundle.ui-testing";
		};
/* End PBXNativeTarget section */

/* Begin PBXProject section */
		4057D4582914300400593851 /* Project object */ = {
			isa = PBXProject;
			attributes = {
				BuildIndependentTargetsInParallel = 1;
				LastSwiftUpdateCheck = 1400;
				LastUpgradeCheck = 1400;
				TargetAttributes = {
					4057D45F2914300400593851 = {
						CreatedOnToolsVersion = 14.0.1;
					};
					4057D4752914300700593851 = {
						CreatedOnToolsVersion = 14.0.1;
						TestTargetID = 4057D45F2914300400593851;
					};
					4057D47F2914300700593851 = {
						CreatedOnToolsVersion = 14.0.1;
						TestTargetID = 4057D45F2914300400593851;
					};
				};
			};
			buildConfigurationList = 4057D45B2914300400593851 /* Build configuration list for PBXProject "Pecode Test" */;
			compatibilityVersion = "Xcode 14.0";
			developmentRegion = en;
			hasScannedForEncodings = 0;
			knownRegions = (
				en,
				Base,
			);
			mainGroup = 4057D4572914300400593851;
			productRefGroup = 4057D4612914300400593851 /* Products */;
			projectDirPath = "";
			projectRoot = "";
			targets = (
				4057D45F2914300400593851 /* Pecode Test */,
				4057D4752914300700593851 /* Pecode TestTests */,
				4057D47F2914300700593851 /* Pecode TestUITests */,
			);
		};
/* End PBXProject section */

/* Begin PBXResourcesBuildPhase section */
		4057D45E2914300400593851 /* Resources */ = {
			isa = PBXResourcesBuildPhase;
			buildActionMask = 2147483647;
			files = (
				4057D4702914300700593851 /* LaunchScreen.storyboard in Resources */,
				4057D499291430D900593851 /* MainScreenViewController.xib in Resources */,
				4057D46D2914300700593851 /* Assets.xcassets in Resources */,
			);
			runOnlyForDeploymentPostprocessing = 0;
		};
		4057D4742914300700593851 /* Resources */ = {
			isa = PBXResourcesBuildPhase;
			buildActionMask = 2147483647;
			files = (
			);
			runOnlyForDeploymentPostprocessing = 0;
		};
		4057D47E2914300700593851 /* Resources */ = {
			isa = PBXResourcesBuildPhase;
			buildActionMask = 2147483647;
			files = (
			);
			runOnlyForDeploymentPostprocessing = 0;
		};
/* End PBXResourcesBuildPhase section */

/* Begin PBXSourcesBuildPhase section */
		4057D45C2914300400593851 /* Sources */ = {
			isa = PBXSourcesBuildPhase;
			buildActionMask = 2147483647;
			files = (
				4057D4A2291555CE00593851 /* UserConstants.swift in Sources */,
				4057D498291430D900593851 /* MainScreenViewController.swift in Sources */,
				4057D49B2914322500593851 /* NetworkManager.swift in Sources */,
				4057D4642914300400593851 /* AppDelegate.swift in Sources */,
				4057D4662914300400593851 /* SceneDelegate.swift in Sources */,
				4057D4A4291557F900593851 /* ArticlesAPIEndpoint.swift in Sources */,
				4057D49D291439E900593851 /* MainScreenViewModel.swift in Sources */,
			);
			runOnlyForDeploymentPostprocessing = 0;
		};
		4057D4722914300700593851 /* Sources */ = {
			isa = PBXSourcesBuildPhase;
			buildActionMask = 2147483647;
			files = (
				4057D47B2914300700593851 /* Pecode_TestTests.swift in Sources */,
			);
			runOnlyForDeploymentPostprocessing = 0;
		};
		4057D47C2914300700593851 /* Sources */ = {
			isa = PBXSourcesBuildPhase;
			buildActionMask = 2147483647;
			files = (
				4057D4872914300700593851 /* Pecode_TestUITestsLaunchTests.swift in Sources */,
				4057D4852914300700593851 /* Pecode_TestUITests.swift in Sources */,
			);
			runOnlyForDeploymentPostprocessing = 0;
		};
/* End PBXSourcesBuildPhase section */

/* Begin PBXTargetDependency section */
		4057D4782914300700593851 /* PBXTargetDependency */ = {
			isa = PBXTargetDependency;
			target = 4057D45F2914300400593851 /* Pecode Test */;
			targetProxy = 4057D4772914300700593851 /* PBXContainerItemProxy */;
		};
		4057D4822914300700593851 /* PBXTargetDependency */ = {
			isa = PBXTargetDependency;
			target = 4057D45F2914300400593851 /* Pecode Test */;
			targetProxy = 4057D4812914300700593851 /* PBXContainerItemProxy */;
		};
/* End PBXTargetDependency section */

/* Begin PBXVariantGroup section */
		4057D46E2914300700593851 /* LaunchScreen.storyboard */ = {
			isa = PBXVariantGroup;
			children = (
				4057D46F2914300700593851 /* Base */,
			);
			name = LaunchScreen.storyboard;
			sourceTree = "<group>";
		};
/* End PBXVariantGroup section */

/* Begin XCBuildConfiguration section */
		4057D4882914300700593851 /* Debug */ = {
			isa = XCBuildConfiguration;
			buildSettings = {
				ALWAYS_SEARCH_USER_PATHS = NO;
				CLANG_ANALYZER_NONNULL = YES;
				CLANG_ANALYZER_NUMBER_OBJECT_CONVERSION = YES_AGGRESSIVE;
				CLANG_CXX_LANGUAGE_STANDARD = "gnu++20";
				CLANG_ENABLE_MODULES = YES;
				CLANG_ENABLE_OBJC_ARC = YES;
				CLANG_ENABLE_OBJC_WEAK = YES;
				CLANG_WARN_BLOCK_CAPTURE_AUTORELEASING = YES;
				CLANG_WARN_BOOL_CONVERSION = YES;
				CLANG_WARN_COMMA = YES;
				CLANG_WARN_CONSTANT_CONVERSION = YES;
				CLANG_WARN_DEPRECATED_OBJC_IMPLEMENTATIONS = YES;
				CLANG_WARN_DIRECT_OBJC_ISA_USAGE = YES_ERROR;
				CLANG_WARN_DOCUMENTATION_COMMENTS = YES;
				CLANG_WARN_EMPTY_BODY = YES;
				CLANG_WARN_ENUM_CONVERSION = YES;
				CLANG_WARN_INFINITE_RECURSION = YES;
				CLANG_WARN_INT_CONVERSION = YES;
				CLANG_WARN_NON_LITERAL_NULL_CONVERSION = YES;
				CLANG_WARN_OBJC_IMPLICIT_RETAIN_SELF = YES;
				CLANG_WARN_OBJC_LITERAL_CONVERSION = YES;
				CLANG_WARN_OBJC_ROOT_CLASS = YES_ERROR;
				CLANG_WARN_QUOTED_INCLUDE_IN_FRAMEWORK_HEADER = YES;
				CLANG_WARN_RANGE_LOOP_ANALYSIS = YES;
				CLANG_WARN_STRICT_PROTOTYPES = YES;
				CLANG_WARN_SUSPICIOUS_MOVE = YES;
				CLANG_WARN_UNGUARDED_AVAILABILITY = YES_AGGRESSIVE;
				CLANG_WARN_UNREACHABLE_CODE = YES;
				CLANG_WARN__DUPLICATE_METHOD_MATCH = YES;
				COPY_PHASE_STRIP = NO;
				DEBUG_INFORMATION_FORMAT = dwarf;
				ENABLE_STRICT_OBJC_MSGSEND = YES;
				ENABLE_TESTABILITY = YES;
				GCC_C_LANGUAGE_STANDARD = gnu11;
				GCC_DYNAMIC_NO_PIC = NO;
				GCC_NO_COMMON_BLOCKS = YES;
				GCC_OPTIMIZATION_LEVEL = 0;
				GCC_PREPROCESSOR_DEFINITIONS = (
					"DEBUG=1",
					"$(inherited)",
				);
				GCC_WARN_64_TO_32_BIT_CONVERSION = YES;
				GCC_WARN_ABOUT_RETURN_TYPE = YES_ERROR;
				GCC_WARN_UNDECLARED_SELECTOR = YES;
				GCC_WARN_UNINITIALIZED_AUTOS = YES_AGGRESSIVE;
				GCC_WARN_UNUSED_FUNCTION = YES;
				GCC_WARN_UNUSED_VARIABLE = YES;
				IPHONEOS_DEPLOYMENT_TARGET = 16.0;
				MTL_ENABLE_DEBUG_INFO = INCLUDE_SOURCE;
				MTL_FAST_MATH = YES;
				ONLY_ACTIVE_ARCH = YES;
				SDKROOT = iphoneos;
				SWIFT_ACTIVE_COMPILATION_CONDITIONS = DEBUG;
				SWIFT_OPTIMIZATION_LEVEL = "-Onone";
			};
			name = Debug;
		};
		4057D4892914300700593851 /* Release */ = {
			isa = XCBuildConfiguration;
			buildSettings = {
				ALWAYS_SEARCH_USER_PATHS = NO;
				CLANG_ANALYZER_NONNULL = YES;
				CLANG_ANALYZER_NUMBER_OBJECT_CONVERSION = YES_AGGRESSIVE;
				CLANG_CXX_LANGUAGE_STANDARD = "gnu++20";
				CLANG_ENABLE_MODULES = YES;
				CLANG_ENABLE_OBJC_ARC = YES;
				CLANG_ENABLE_OBJC_WEAK = YES;
				CLANG_WARN_BLOCK_CAPTURE_AUTORELEASING = YES;
				CLANG_WARN_BOOL_CONVERSION = YES;
				CLANG_WARN_COMMA = YES;
				CLANG_WARN_CONSTANT_CONVERSION = YES;
				CLANG_WARN_DEPRECATED_OBJC_IMPLEMENTATIONS = YES;
				CLANG_WARN_DIRECT_OBJC_ISA_USAGE = YES_ERROR;
				CLANG_WARN_DOCUMENTATION_COMMENTS = YES;
				CLANG_WARN_EMPTY_BODY = YES;
				CLANG_WARN_ENUM_CONVERSION = YES;
				CLANG_WARN_INFINITE_RECURSION = YES;
				CLANG_WARN_INT_CONVERSION = YES;
				CLANG_WARN_NON_LITERAL_NULL_CONVERSION = YES;
				CLANG_WARN_OBJC_IMPLICIT_RETAIN_SELF = YES;
				CLANG_WARN_OBJC_LITERAL_CONVERSION = YES;
				CLANG_WARN_OBJC_ROOT_CLASS = YES_ERROR;
				CLANG_WARN_QUOTED_INCLUDE_IN_FRAMEWORK_HEADER = YES;
				CLANG_WARN_RANGE_LOOP_ANALYSIS = YES;
				CLANG_WARN_STRICT_PROTOTYPES = YES;
				CLANG_WARN_SUSPICIOUS_MOVE = YES;
				CLANG_WARN_UNGUARDED_AVAILABILITY = YES_AGGRESSIVE;
				CLANG_WARN_UNREACHABLE_CODE = YES;
				CLANG_WARN__DUPLICATE_METHOD_MATCH = YES;
				COPY_PHASE_STRIP = NO;
				DEBUG_INFORMATION_FORMAT = "dwarf-with-dsym";
				ENABLE_NS_ASSERTIONS = NO;
				ENABLE_STRICT_OBJC_MSGSEND = YES;
				GCC_C_LANGUAGE_STANDARD = gnu11;
				GCC_NO_COMMON_BLOCKS = YES;
				GCC_WARN_64_TO_32_BIT_CONVERSION = YES;
				GCC_WARN_ABOUT_RETURN_TYPE = YES_ERROR;
				GCC_WARN_UNDECLARED_SELECTOR = YES;
				GCC_WARN_UNINITIALIZED_AUTOS = YES_AGGRESSIVE;
				GCC_WARN_UNUSED_FUNCTION = YES;
				GCC_WARN_UNUSED_VARIABLE = YES;
				IPHONEOS_DEPLOYMENT_TARGET = 16.0;
				MTL_ENABLE_DEBUG_INFO = NO;
				MTL_FAST_MATH = YES;
				SDKROOT = iphoneos;
				SWIFT_COMPILATION_MODE = wholemodule;
				SWIFT_OPTIMIZATION_LEVEL = "-O";
				VALIDATE_PRODUCT = YES;
			};
			name = Release;
		};
		4057D48B2914300700593851 /* Debug */ = {
			isa = XCBuildConfiguration;
			buildSettings = {
				ASSETCATALOG_COMPILER_APPICON_NAME = AppIcon;
				ASSETCATALOG_COMPILER_GLOBAL_ACCENT_COLOR_NAME = AccentColor;
				CODE_SIGN_STYLE = Automatic;
				CURRENT_PROJECT_VERSION = 1;
				DEVELOPMENT_TEAM = ZYUXM4FPKS;
				GENERATE_INFOPLIST_FILE = YES;
				INFOPLIST_FILE = "Pecode Test/Info.plist";
				INFOPLIST_KEY_UIApplicationSupportsIndirectInputEvents = YES;
				INFOPLIST_KEY_UILaunchStoryboardName = LaunchScreen;
				INFOPLIST_KEY_UIMainStoryboardFile = Main;
				INFOPLIST_KEY_UISupportedInterfaceOrientations_iPad = "UIInterfaceOrientationPortrait UIInterfaceOrientationPortraitUpsideDown UIInterfaceOrientationLandscapeLeft UIInterfaceOrientationLandscapeRight";
				INFOPLIST_KEY_UISupportedInterfaceOrientations_iPhone = "UIInterfaceOrientationPortrait UIInterfaceOrientationLandscapeLeft UIInterfaceOrientationLandscapeRight";
				IPHONEOS_DEPLOYMENT_TARGET = 13.0;
				LD_RUNPATH_SEARCH_PATHS = (
					"$(inherited)",
					"@executable_path/Frameworks",
				);
				MARKETING_VERSION = 1.0;
				PRODUCT_BUNDLE_IDENTIFIER = "kitoInc.Pecode-Test";
				PRODUCT_NAME = "$(TARGET_NAME)";
				SUPPORTED_PLATFORMS = "iphoneos iphonesimulator";
				SUPPORTS_MACCATALYST = NO;
				SUPPORTS_MAC_DESIGNED_FOR_IPHONE_IPAD = NO;
				SWIFT_EMIT_LOC_STRINGS = YES;
				SWIFT_VERSION = 5.0;
				TARGETED_DEVICE_FAMILY = 1;
			};
			name = Debug;
		};
		4057D48C2914300700593851 /* Release */ = {
			isa = XCBuildConfiguration;
			buildSettings = {
				ASSETCATALOG_COMPILER_APPICON_NAME = AppIcon;
				ASSETCATALOG_COMPILER_GLOBAL_ACCENT_COLOR_NAME = AccentColor;
				CODE_SIGN_STYLE = Automatic;
				CURRENT_PROJECT_VERSION = 1;
				DEVELOPMENT_TEAM = ZYUXM4FPKS;
				GENERATE_INFOPLIST_FILE = YES;
				INFOPLIST_FILE = "Pecode Test/Info.plist";
				INFOPLIST_KEY_UIApplicationSupportsIndirectInputEvents = YES;
				INFOPLIST_KEY_UILaunchStoryboardName = LaunchScreen;
				INFOPLIST_KEY_UIMainStoryboardFile = Main;
				INFOPLIST_KEY_UISupportedInterfaceOrientations_iPad = "UIInterfaceOrientationPortrait UIInterfaceOrientationPortraitUpsideDown UIInterfaceOrientationLandscapeLeft UIInterfaceOrientationLandscapeRight";
				INFOPLIST_KEY_UISupportedInterfaceOrientations_iPhone = "UIInterfaceOrientationPortrait UIInterfaceOrientationLandscapeLeft UIInterfaceOrientationLandscapeRight";
				IPHONEOS_DEPLOYMENT_TARGET = 13.0;
				LD_RUNPATH_SEARCH_PATHS = (
					"$(inherited)",
					"@executable_path/Frameworks",
				);
				MARKETING_VERSION = 1.0;
				PRODUCT_BUNDLE_IDENTIFIER = "kitoInc.Pecode-Test";
				PRODUCT_NAME = "$(TARGET_NAME)";
				SUPPORTED_PLATFORMS = "iphoneos iphonesimulator";
				SUPPORTS_MACCATALYST = NO;
				SUPPORTS_MAC_DESIGNED_FOR_IPHONE_IPAD = NO;
				SWIFT_EMIT_LOC_STRINGS = YES;
				SWIFT_VERSION = 5.0;
				TARGETED_DEVICE_FAMILY = 1;
			};
			name = Release;
		};
		4057D48E2914300700593851 /* Debug */ = {
			isa = XCBuildConfiguration;
			buildSettings = {
				ALWAYS_EMBED_SWIFT_STANDARD_LIBRARIES = YES;
				BUNDLE_LOADER = "$(TEST_HOST)";
				CODE_SIGN_STYLE = Automatic;
				CURRENT_PROJECT_VERSION = 1;
				DEVELOPMENT_TEAM = ZYUXM4FPKS;
				GENERATE_INFOPLIST_FILE = YES;
				IPHONEOS_DEPLOYMENT_TARGET = 16.0;
				MARKETING_VERSION = 1.0;
				PRODUCT_BUNDLE_IDENTIFIER = "kitoInc.Pecode-TestTests";
				PRODUCT_NAME = "$(TARGET_NAME)";
				SWIFT_EMIT_LOC_STRINGS = NO;
				SWIFT_VERSION = 5.0;
				TARGETED_DEVICE_FAMILY = "1,2";
				TEST_HOST = "$(BUILT_PRODUCTS_DIR)/Pecode Test.app/$(BUNDLE_EXECUTABLE_FOLDER_PATH)/Pecode Test";
			};
			name = Debug;
		};
		4057D48F2914300700593851 /* Release */ = {
			isa = XCBuildConfiguration;
			buildSettings = {
				ALWAYS_EMBED_SWIFT_STANDARD_LIBRARIES = YES;
				BUNDLE_LOADER = "$(TEST_HOST)";
				CODE_SIGN_STYLE = Automatic;
				CURRENT_PROJECT_VERSION = 1;
				DEVELOPMENT_TEAM = ZYUXM4FPKS;
				GENERATE_INFOPLIST_FILE = YES;
				IPHONEOS_DEPLOYMENT_TARGET = 16.0;
				MARKETING_VERSION = 1.0;
				PRODUCT_BUNDLE_IDENTIFIER = "kitoInc.Pecode-TestTests";
				PRODUCT_NAME = "$(TARGET_NAME)";
				SWIFT_EMIT_LOC_STRINGS = NO;
				SWIFT_VERSION = 5.0;
				TARGETED_DEVICE_FAMILY = "1,2";
				TEST_HOST = "$(BUILT_PRODUCTS_DIR)/Pecode Test.app/$(BUNDLE_EXECUTABLE_FOLDER_PATH)/Pecode Test";
			};
			name = Release;
		};
		4057D4912914300700593851 /* Debug */ = {
			isa = XCBuildConfiguration;
			buildSettings = {
				ALWAYS_EMBED_SWIFT_STANDARD_LIBRARIES = YES;
				CODE_SIGN_STYLE = Automatic;
				CURRENT_PROJECT_VERSION = 1;
				DEVELOPMENT_TEAM = ZYUXM4FPKS;
				GENERATE_INFOPLIST_FILE = YES;
				MARKETING_VERSION = 1.0;
				PRODUCT_BUNDLE_IDENTIFIER = "kitoInc.Pecode-TestUITests";
				PRODUCT_NAME = "$(TARGET_NAME)";
				SWIFT_EMIT_LOC_STRINGS = NO;
				SWIFT_VERSION = 5.0;
				TARGETED_DEVICE_FAMILY = "1,2";
				TEST_TARGET_NAME = "Pecode Test";
			};
			name = Debug;
		};
		4057D4922914300700593851 /* Release */ = {
			isa = XCBuildConfiguration;
			buildSettings = {
				ALWAYS_EMBED_SWIFT_STANDARD_LIBRARIES = YES;
				CODE_SIGN_STYLE = Automatic;
				CURRENT_PROJECT_VERSION = 1;
				DEVELOPMENT_TEAM = ZYUXM4FPKS;
				GENERATE_INFOPLIST_FILE = YES;
				MARKETING_VERSION = 1.0;
				PRODUCT_BUNDLE_IDENTIFIER = "kitoInc.Pecode-TestUITests";
				PRODUCT_NAME = "$(TARGET_NAME)";
				SWIFT_EMIT_LOC_STRINGS = NO;
				SWIFT_VERSION = 5.0;
				TARGETED_DEVICE_FAMILY = "1,2";
				TEST_TARGET_NAME = "Pecode Test";
			};
			name = Release;
		};
/* End XCBuildConfiguration section */

/* Begin XCConfigurationList section */
		4057D45B2914300400593851 /* Build configuration list for PBXProject "Pecode Test" */ = {
			isa = XCConfigurationList;
			buildConfigurations = (
				4057D4882914300700593851 /* Debug */,
				4057D4892914300700593851 /* Release */,
			);
			defaultConfigurationIsVisible = 0;
			defaultConfigurationName = Release;
		};
		4057D48A2914300700593851 /* Build configuration list for PBXNativeTarget "Pecode Test" */ = {
			isa = XCConfigurationList;
			buildConfigurations = (
				4057D48B2914300700593851 /* Debug */,
				4057D48C2914300700593851 /* Release */,
			);
			defaultConfigurationIsVisible = 0;
			defaultConfigurationName = Release;
		};
		4057D48D2914300700593851 /* Build configuration list for PBXNativeTarget "Pecode TestTests" */ = {
			isa = XCConfigurationList;
			buildConfigurations = (
				4057D48E2914300700593851 /* Debug */,
				4057D48F2914300700593851 /* Release */,
			);
			defaultConfigurationIsVisible = 0;
			defaultConfigurationName = Release;
		};
		4057D4902914300700593851 /* Build configuration list for PBXNativeTarget "Pecode TestUITests" */ = {
			isa = XCConfigurationList;
			buildConfigurations = (
				4057D4912914300700593851 /* Debug */,
				4057D4922914300700593851 /* Release */,
			);
			defaultConfigurationIsVisible = 0;
			defaultConfigurationName = Release;
		};
/* End XCConfigurationList section */
	};
	rootObject = 4057D4582914300400593851 /* Project object */;
}
